<?xml version="1.0" encoding="utf-8"?>
<Project ToolsVersion="4.0" xmlns="http://schemas.microsoft.com/developer/msbuild/2003">
  <ItemGroup>
    <Filter Include="Source Files">
      <UniqueIdentifier>{4FC737F1-C7A5-4376-A066-2A32D752A2FF}</UniqueIdentifier>
      <Extensions>cpp;c;cc;cxx;def;odl;idl;hpj;bat;asm;asmx</Extensions>
    </Filter>
    <Filter Include="Header Files">
      <UniqueIdentifier>{93995380-89BD-4b04-88EB-625FBE52EBFB}</UniqueIdentifier>
      <Extensions>h;hh;hpp;hxx;hm;inl;inc;ipp;xsd</Extensions>
    </Filter>
    <Filter Include="Resource Files">
      <UniqueIdentifier>{67DA6AB6-F800-4c08-8B7A-83BB121AAD01}</UniqueIdentifier>
      <Extensions>rc;ico;cur;bmp;dlg;rc2;rct;bin;rgs;gif;jpg;jpeg;jpe;resx;tiff;tif;png;wav;mfcribbon-ms</Extensions>
    </Filter>
    <Filter Include="engine">
      <UniqueIdentifier>{8dfffdda-00f4-4ab7-a2b0-a44f5c399198}</UniqueIdentifier>
    </Filter>
    <Filter Include="engine\buffer">
      <UniqueIdentifier>{9e53472a-8fc7-4b06-b8da-0ed43797ca9a}</UniqueIdentifier>
    </Filter>
    <Filter Include="engine\render">
      <UniqueIdentifier>{d9237eee-838a-4381-9d26-62d41739e55c}</UniqueIdentifier>
    </Filter>
    <Filter Include="game">
      <UniqueIdentifier>{ed1e6f05-c96c-4062-b6f6-2dee50d984f3}</UniqueIdentifier>
    </Filter>
    <Filter Include="engine\core">
      <UniqueIdentifier>{e47cc935-1402-4c65-81dc-1fe1442c314b}</UniqueIdentifier>
    </Filter>
    <Filter Include="engine\system">
      <UniqueIdentifier>{84890d7d-025e-432d-9b5d-aeb7b0b90579}</UniqueIdentifier>
    </Filter>
  </ItemGroup>
  <ItemGroup>
    <ClInclude Include="stdafx.h">
      <Filter>Header Files</Filter>
    </ClInclude>
    <ClInclude Include="targetver.h">
      <Filter>Header Files</Filter>
    </ClInclude>
    <ClInclude Include="Resource.h">
      <Filter>Header Files</Filter>
    </ClInclude>
    <ClInclude Include="d3d1.h">
      <Filter>Header Files</Filter>
    </ClInclude>
    <ClInclude Include="engine\Engine.h">
      <Filter>engine</Filter>
    </ClInclude>
    <ClInclude Include="engine\render\Shader.h">
      <Filter>engine\render</Filter>
    </ClInclude>
    <ClInclude Include="engine\core\ID3DContextProvider.h">
      <Filter>engine\core</Filter>
    </ClInclude>
    <ClInclude Include="engine\system\Input.h">
      <Filter>engine\system</Filter>
    </ClInclude>
    <ClInclude Include="engine\system\Logging.h">
      <Filter>engine\system</Filter>
    </ClInclude>
    <ClInclude Include="engine\system\utils.h">
      <Filter>engine\system</Filter>
    </ClInclude>
    <ClInclude Include="engine\core\IEngineResource.h">
      <Filter>engine\core</Filter>
    </ClInclude>
    <ClInclude Include="engine\render\buffer\MemoryBuffer.h">
      <Filter>engine\buffer</Filter>
    </ClInclude>
    <ClInclude Include="engine\render\buffer\D3DBuffer.h">
      <Filter>engine\buffer</Filter>
    </ClInclude>
  </ItemGroup>
  <ItemGroup>
    <ClCompile Include="stdafx.cpp">
      <Filter>Source Files</Filter>
    </ClCompile>
    <ClCompile Include="d3d1.cpp">
      <Filter>Source Files</Filter>
    </ClCompile>
    <ClCompile Include="engine\Engine.cpp">
      <Filter>engine</Filter>
    </ClCompile>
    <ClCompile Include="engine\render\Shader.cpp">
      <Filter>engine\render</Filter>
    </ClCompile>
    <ClCompile Include="engine\system\Input.cpp">
      <Filter>engine\system</Filter>
    </ClCompile>
    <ClCompile Include="engine\system\Logging.cpp">
      <Filter>engine\system</Filter>
    </ClCompile>
    <ClCompile Include="engine\render\buffer\MemoryBuffer.cpp">
      <Filter>engine\buffer</Filter>
    </ClCompile>
    <ClCompile Include="engine\render\buffer\D3DBuffer.cpp">
      <Filter>engine\buffer</Filter>
    </ClCompile>
  </ItemGroup>
  <ItemGroup>
    <ResourceCompile Include="d3d1.rc">
      <Filter>Resource Files</Filter>
    </ResourceCompile>
  </ItemGroup>
  <ItemGroup>
    <Image Include="small.ico">
      <Filter>Resource Files</Filter>
    </Image>
    <Image Include="d3d1.ico">
      <Filter>Resource Files</Filter>
    </Image>
  </ItemGroup>
</Project>