<?xml version="1.0" encoding="utf-8"?>
<Project ToolsVersion="4.0" xmlns="http://schemas.microsoft.com/developer/msbuild/2003">
  <ItemGroup>
    <Filter Include="Source Files">
      <UniqueIdentifier>{4FC737F1-C7A5-4376-A066-2A32D752A2FF}</UniqueIdentifier>
      <Extensions>cpp;c;cc;cxx;def;odl;idl;hpj;bat;asm;asmx</Extensions>
    </Filter>
    <Filter Include="Header Files">
      <UniqueIdentifier>{93995380-89BD-4b04-88EB-625FBE52EBFB}</UniqueIdentifier>
      <Extensions>h;hh;hpp;hxx;hm;inl;inc;ipp;xsd</Extensions>
    </Filter>
    <Filter Include="Resource Files">
      <UniqueIdentifier>{67DA6AB6-F800-4c08-8B7A-83BB121AAD01}</UniqueIdentifier>
      <Extensions>rc;ico;cur;bmp;dlg;rc2;rct;bin;rgs;gif;jpg;jpeg;jpe;resx;tiff;tif;png;wav;mfcribbon-ms</Extensions>
    </Filter>
    <Filter Include="engine">
      <UniqueIdentifier>{8dfffdda-00f4-4ab7-a2b0-a44f5c399198}</UniqueIdentifier>
    </Filter>
    <Filter Include="engine\buffer">
      <UniqueIdentifier>{9e53472a-8fc7-4b06-b8da-0ed43797ca9a}</UniqueIdentifier>
    </Filter>
    <Filter Include="engine\render">
      <UniqueIdentifier>{d9237eee-838a-4381-9d26-62d41739e55c}</UniqueIdentifier>
    </Filter>
    <Filter Include="game">
      <UniqueIdentifier>{ed1e6f05-c96c-4062-b6f6-2dee50d984f3}</UniqueIdentifier>
    </Filter>
    <Filter Include="engine\core">
      <UniqueIdentifier>{e47cc935-1402-4c65-81dc-1fe1442c314b}</UniqueIdentifier>
    </Filter>
    <Filter Include="engine\system">
      <UniqueIdentifier>{84890d7d-025e-432d-9b5d-aeb7b0b90579}</UniqueIdentifier>
    </Filter>
    <Filter Include="engine\scene">
      <UniqueIdentifier>{dd09f50d-c699-43b5-b6ae-e22ee474f1d7}</UniqueIdentifier>
    </Filter>
    <Filter Include="engine\render\renderer">
      <UniqueIdentifier>{55a21466-8cc2-4500-b137-3a80efff5dc9}</UniqueIdentifier>
    </Filter>
    <Filter Include="engine\utils">
      <UniqueIdentifier>{dd9f1bb7-23fe-4621-8b0b-bcdebeddac60}</UniqueIdentifier>
    </Filter>
    <Filter Include="engine\objects">
      <UniqueIdentifier>{cc20b381-d418-4340-a0bc-92f451c783fc}</UniqueIdentifier>
    </Filter>
    <Filter Include="engine\render\shading">
      <UniqueIdentifier>{601bf3a4-95f4-40dd-8139-e9ac0c5d2917}</UniqueIdentifier>
    </Filter>
    <Filter Include="engine\render\material">
      <UniqueIdentifier>{d32070b5-9c6e-4a49-9556-970353dbce53}</UniqueIdentifier>
    </Filter>
    <Filter Include="engine\render\mesh">
      <UniqueIdentifier>{efc0511a-3547-4db8-96ea-b3b7b53e5646}</UniqueIdentifier>
    </Filter>
    <Filter Include="engine\render\shader">
      <UniqueIdentifier>{540cc83c-75b8-4944-88bd-382e2426717b}</UniqueIdentifier>
    </Filter>
    <Filter Include="engine\resources">
      <UniqueIdentifier>{3297d118-48b1-445a-bdbb-60dd4cb80e42}</UniqueIdentifier>
    </Filter>
    <Filter Include="engine\loader">
      <UniqueIdentifier>{7f2e4848-5c5c-41c3-b8d1-07a93dd59e4d}</UniqueIdentifier>
    </Filter>
    <Filter Include="engine\render\texture">
      <UniqueIdentifier>{f2f3c0da-81e7-4550-915a-8406305d15ea}</UniqueIdentifier>
    </Filter>
  </ItemGroup>
  <ItemGroup>
    <ClInclude Include="stdafx.h">
      <Filter>Header Files</Filter>
    </ClInclude>
    <ClInclude Include="targetver.h">
      <Filter>Header Files</Filter>
    </ClInclude>
    <ClInclude Include="Resource.h">
      <Filter>Header Files</Filter>
    </ClInclude>
    <ClInclude Include="d3d1.h">
      <Filter>Header Files</Filter>
    </ClInclude>
    <ClInclude Include="engine\Engine.h">
      <Filter>engine</Filter>
    </ClInclude>
    <ClInclude Include="engine\core\ID3DContextProvider.h">
      <Filter>engine\core</Filter>
    </ClInclude>
    <ClInclude Include="engine\system\Input.h">
      <Filter>engine\system</Filter>
    </ClInclude>
    <ClInclude Include="engine\system\Logging.h">
      <Filter>engine\system</Filter>
    </ClInclude>
    <ClInclude Include="engine\system\utils.h">
      <Filter>engine\system</Filter>
    </ClInclude>
    <ClInclude Include="engine\core\IEngineResource.h">
      <Filter>engine\core</Filter>
    </ClInclude>
    <ClInclude Include="engine\render\buffer\MemoryBuffer.h">
      <Filter>engine\buffer</Filter>
    </ClInclude>
    <ClInclude Include="engine\render\buffer\D3DBuffer.h">
      <Filter>engine\buffer</Filter>
    </ClInclude>
    <ClInclude Include="engine\DXCaps.h">
      <Filter>engine</Filter>
    </ClInclude>
    <ClInclude Include="engine\render\buffer\D3DMemoryBuffer.h">
      <Filter>engine\buffer</Filter>
    </ClInclude>
    <ClInclude Include="engine\scene\Scene.h">
      <Filter>engine\scene</Filter>
    </ClInclude>
    <ClInclude Include="engine\scene\Transform.h">
      <Filter>engine\scene</Filter>
    </ClInclude>
    <ClInclude Include="engine\scene\GameObject.h">
      <Filter>engine\scene</Filter>
    </ClInclude>
    <ClInclude Include="engine\render\renderer\ICameraParamsProvider.h">
      <Filter>engine\render\renderer</Filter>
    </ClInclude>
    <ClInclude Include="engine\EngineTypes.h">
      <Filter>engine</Filter>
    </ClInclude>
    <ClInclude Include="engine\utils\Math.h">
      <Filter>engine\utils</Filter>
    </ClInclude>
    <ClInclude Include="engine\utils\MeshGeneration.h">
      <Filter>engine\utils</Filter>
    </ClInclude>
    <ClInclude Include="engine\utils\Frustum.h">
      <Filter>engine\utils</Filter>
    </ClInclude>
    <ClInclude Include="engine\render\renderer\IRenderer.h">
      <Filter>engine\render\renderer</Filter>
    </ClInclude>
    <ClInclude Include="engine\EngineMath.h">
      <Filter>engine</Filter>
    </ClInclude>
    <ClInclude Include="engine\objects\Camera.h">
      <Filter>engine\objects</Filter>
    </ClInclude>
    <ClInclude Include="engine\objects\LightObject.h">
      <Filter>engine\objects</Filter>
    </ClInclude>
    <ClInclude Include="engine\objects\MeshObject.h">
      <Filter>engine\objects</Filter>
    </ClInclude>
    <ClInclude Include="engine\objects\Projector.h">
      <Filter>engine\objects</Filter>
    </ClInclude>
    <ClInclude Include="engine\render\shading\IShadowCaster.h">
      <Filter>engine\render\shading</Filter>
    </ClInclude>
    <ClInclude Include="engine\render\renderer\RenderOperation.h">
      <Filter>engine\render\renderer</Filter>
    </ClInclude>
    <ClInclude Include="engine\render\material\Material.h">
      <Filter>engine\render\material</Filter>
    </ClInclude>
    <ClInclude Include="engine\render\mesh\Mesh.h">
      <Filter>engine\render\mesh</Filter>
    </ClInclude>
    <ClInclude Include="engine\render\shader\VertexInput.h">
      <Filter>engine\render\shader</Filter>
    </ClInclude>
    <ClInclude Include="engine\render\shader\ConstantBufferStruct.h">
      <Filter>engine\render\shader</Filter>
    </ClInclude>
    <ClInclude Include="engine\render\buffer\MultiBufferAddress.h">
      <Filter>engine\buffer</Filter>
    </ClInclude>
    <ClInclude Include="engine\IGame.h">
      <Filter>engine</Filter>
    </ClInclude>
    <ClInclude Include="game\Game.h">
      <Filter>game</Filter>
    </ClInclude>
    <ClInclude Include="engine\resources\HierarchyData.h">
      <Filter>engine\resources</Filter>
    </ClInclude>
    <ClInclude Include="engine\resources\ModelBundle.h">
      <Filter>engine\resources</Filter>
    </ClInclude>
    <ClInclude Include="engine\resources\SkinningData.h">
      <Filter>engine\resources</Filter>
    </ClInclude>
    <ClInclude Include="engine\loader\HierarchyLoader.h">
      <Filter>engine\loader</Filter>
    </ClInclude>
    <ClInclude Include="engine\loader\ModelLoader.h">
      <Filter>engine\loader</Filter>
    </ClInclude>
    <ClInclude Include="engine\loader\ModelLoaderUtils.h">
      <Filter>engine\loader</Filter>
    </ClInclude>
    <ClInclude Include="engine\loader\ShaderLoader.h">
      <Filter>engine\loader</Filter>
    </ClInclude>
    <ClInclude Include="engine\loader\SpritesheetLoader.h">
      <Filter>engine\loader</Filter>
    </ClInclude>
    <ClInclude Include="engine\loader\TextureLoader.h">
      <Filter>engine\loader</Filter>
    </ClInclude>
    <ClInclude Include="engine\scene\AnimationController.h">
      <Filter>engine\scene</Filter>
    </ClInclude>
    <ClInclude Include="engine\objects\SkinnedMeshObject.h">
      <Filter>engine\objects</Filter>
    </ClInclude>
    <ClInclude Include="engine\render\renderer\SceneRenderer.h">
      <Filter>engine\render\renderer</Filter>
    </ClInclude>
    <ClInclude Include="engine\render\texture\SpriteSheet.h">
      <Filter>engine\render\texture</Filter>
    </ClInclude>
    <ClInclude Include="engine\render\texture\TextureSlot.h">
      <Filter>engine\render\texture</Filter>
    </ClInclude>
    <ClInclude Include="engine\render\texture\Texture.h">
      <Filter>engine\render\texture</Filter>
    </ClInclude>
    <ClInclude Include="engine\EngineImage.h">
      <Filter>engine</Filter>
    </ClInclude>
    <ClInclude Include="engine\render\shader\ShaderCaps.h">
      <Filter>engine\render\shader</Filter>
    </ClInclude>
    <ClInclude Include="engine\render\shader\ShaderGenerator.h">
      <Filter>engine\render\shader</Filter>
    </ClInclude>
    <ClInclude Include="engine\render\shader\Shader.h">
      <Filter>engine\render\shader</Filter>
    </ClInclude>
    <ClInclude Include="engine\render\mesh\VertexAttrib.h">
      <Filter>engine\render\mesh</Filter>
    </ClInclude>
    <ClInclude Include="engine\utils\CapsSet.h">
      <Filter>engine\utils</Filter>
    </ClInclude>
    <ClInclude Include="engine\render\shader\ShaderResource.h">
      <Filter>engine\render\shader</Filter>
    </ClInclude>
  </ItemGroup>
  <ItemGroup>
    <ClCompile Include="stdafx.cpp">
      <Filter>Source Files</Filter>
    </ClCompile>
    <ClCompile Include="d3d1.cpp">
      <Filter>Source Files</Filter>
    </ClCompile>
    <ClCompile Include="engine\Engine.cpp">
      <Filter>engine</Filter>
    </ClCompile>
    <ClCompile Include="engine\system\Input.cpp">
      <Filter>engine\system</Filter>
    </ClCompile>
    <ClCompile Include="engine\system\Logging.cpp">
      <Filter>engine\system</Filter>
    </ClCompile>
    <ClCompile Include="engine\render\buffer\MemoryBuffer.cpp">
      <Filter>engine\buffer</Filter>
    </ClCompile>
    <ClCompile Include="engine\render\buffer\D3DBuffer.cpp">
      <Filter>engine\buffer</Filter>
    </ClCompile>
    <ClCompile Include="engine\DXCaps.cpp">
      <Filter>engine</Filter>
    </ClCompile>
    <ClCompile Include="engine\render\buffer\D3DMemoryBuffer.cpp">
      <Filter>engine\buffer</Filter>
    </ClCompile>
    <ClCompile Include="engine\scene\Scene.cpp">
      <Filter>engine\scene</Filter>
    </ClCompile>
    <ClCompile Include="engine\scene\Transform.cpp">
      <Filter>engine\scene</Filter>
    </ClCompile>
    <ClCompile Include="engine\scene\GameObject.cpp">
      <Filter>engine\scene</Filter>
    </ClCompile>
    <ClCompile Include="engine\utils\Math.cpp">
      <Filter>engine\utils</Filter>
    </ClCompile>
    <ClCompile Include="engine\utils\MeshGeneration.cpp">
      <Filter>engine\utils</Filter>
    </ClCompile>
    <ClCompile Include="engine\EngineMath.cpp">
      <Filter>engine</Filter>
    </ClCompile>
    <ClCompile Include="engine\objects\LightObject.cpp">
      <Filter>engine\objects</Filter>
    </ClCompile>
    <ClCompile Include="engine\objects\MeshObject.cpp">
      <Filter>engine\objects</Filter>
    </ClCompile>
    <ClCompile Include="engine\objects\Projector.cpp">
      <Filter>engine\objects</Filter>
    </ClCompile>
    <ClCompile Include="engine\objects\Camera.cpp">
      <Filter>engine\objects</Filter>
    </ClCompile>
    <ClCompile Include="engine\render\material\Material.cpp">
      <Filter>engine\render\material</Filter>
    </ClCompile>
    <ClCompile Include="engine\render\mesh\Mesh.cpp">
      <Filter>engine\render\mesh</Filter>
    </ClCompile>
    <ClCompile Include="engine\render\shader\VertexInput.cpp">
      <Filter>engine\render\shader</Filter>
    </ClCompile>
    <ClCompile Include="game\Game.cpp">
      <Filter>game</Filter>
    </ClCompile>
    <ClCompile Include="engine\resources\HierarchyData.cpp">
      <Filter>engine\resources</Filter>
    </ClCompile>
    <ClCompile Include="engine\resources\ModelBundle.cpp">
      <Filter>engine\resources</Filter>
    </ClCompile>
    <ClCompile Include="engine\resources\SkinningData.cpp">
      <Filter>engine\resources</Filter>
    </ClCompile>
    <ClCompile Include="engine\loader\HierarchyLoader.cpp">
      <Filter>engine\loader</Filter>
    </ClCompile>
    <ClCompile Include="engine\loader\ModelLoader.cpp">
      <Filter>engine\loader</Filter>
    </ClCompile>
    <ClCompile Include="engine\loader\ModelLoaderUtils.cpp">
      <Filter>engine\loader</Filter>
    </ClCompile>
    <ClCompile Include="engine\loader\ShaderLoader.cpp">
      <Filter>engine\loader</Filter>
    </ClCompile>
    <ClCompile Include="engine\loader\SpritesheetLoader.cpp">
      <Filter>engine\loader</Filter>
    </ClCompile>
    <ClCompile Include="engine\loader\TextureLoader.cpp">
      <Filter>engine\loader</Filter>
    </ClCompile>
    <ClCompile Include="engine\scene\AnimationController.cpp">
      <Filter>engine\scene</Filter>
    </ClCompile>
    <ClCompile Include="engine\objects\SkinnedMeshObject.cpp">
      <Filter>engine\objects</Filter>
    </ClCompile>
    <ClCompile Include="engine\render\renderer\SceneRenderer.cpp">
      <Filter>engine\render\renderer</Filter>
    </ClCompile>
    <ClCompile Include="engine\render\texture\SpriteSheet.cpp">
      <Filter>engine\render\texture</Filter>
    </ClCompile>
    <ClCompile Include="engine\render\texture\Texture.cpp">
      <Filter>engine\render\texture</Filter>
    </ClCompile>
    <ClCompile Include="engine\EngineImage.cpp">
      <Filter>engine</Filter>
    </ClCompile>
    <ClCompile Include="engine\render\shader\ShaderGenerator.cpp">
      <Filter>engine\render\shader</Filter>
    </ClCompile>
    <ClCompile Include="engine\render\shader\Shader.cpp">
      <Filter>engine\render\shader</Filter>
    </ClCompile>
    <ClCompile Include="engine\render\shader\ShaderResource.cpp">
      <Filter>engine\render\shader</Filter>
    </ClCompile>
  </ItemGroup>
  <ItemGroup>
    <ResourceCompile Include="d3d1.rc">
      <Filter>Resource Files</Filter>
    </ResourceCompile>
  </ItemGroup>
  <ItemGroup>
    <Image Include="small.ico">
      <Filter>Resource Files</Filter>
    </Image>
    <Image Include="d3d1.ico">
      <Filter>Resource Files</Filter>
    </Image>
  </ItemGroup>
</Project>